// !$*UTF8*$!
{
	archiveVersion = 1;
	classes = {
	};
	objectVersion = 56;
	objects = {

/* Begin PBXBuildFile section */
		8088C0A52899B74E001C632C /* SmartHomeThermostatApp.swift in Sources */ = {isa = PBXBuildFile; fileRef = 8088C0A42899B74E001C632C /* SmartHomeThermostatApp.swift */; };
		8088C0A72899B74E001C632C /* ContentView.swift in Sources */ = {isa = PBXBuildFile; fileRef = 8088C0A62899B74E001C632C /* ContentView.swift */; };
		8088C0A92899B750001C632C /* Assets.xcassets in Resources */ = {isa = PBXBuildFile; fileRef = 8088C0A82899B750001C632C /* Assets.xcassets */; };
		8088C0AC2899B750001C632C /* Preview Assets.xcassets in Resources */ = {isa = PBXBuildFile; fileRef = 8088C0AB2899B750001C632C /* Preview Assets.xcassets */; };
		8088C0B32899B834001C632C /* Extensions.swift in Sources */ = {isa = PBXBuildFile; fileRef = 8088C0B22899B834001C632C /* Extensions.swift */; };
		8088C0B52899B966001C632C /* ClimateCard.swift in Sources */ = {isa = PBXBuildFile; fileRef = 8088C0B42899B966001C632C /* ClimateCard.swift */; };
		8088C0B72899BD2C001C632C /* Thermometer.swift in Sources */ = {isa = PBXBuildFile; fileRef = 8088C0B62899BD2C001C632C /* Thermometer.swift */; };
		8088C0B92899BD68001C632C /* ThermometherPlaceHolderView.swift in Sources */ = {isa = PBXBuildFile; fileRef = 8088C0B82899BD68001C632C /* ThermometherPlaceHolderView.swift */; };
		8088C0BB2899C127001C632C /* ThermometerDialView.swift in Sources */ = {isa = PBXBuildFile; fileRef = 8088C0BA2899C127001C632C /* ThermometerDialView.swift */; };
		8088C0BD2899C51B001C632C /* ThermometerSummaryView.swift in Sources */ = {isa = PBXBuildFile; fileRef = 8088C0BC2899C51B001C632C /* ThermometerSummaryView.swift */; };
		8088C0BF2899C690001C632C /* ThermometerScaleView.swift in Sources */ = {isa = PBXBuildFile; fileRef = 8088C0BE2899C690001C632C /* ThermometerScaleView.swift */; };
/* End PBXBuildFile section */

/* Begin PBXFileReference section */
		8088C0A12899B74E001C632C /* SmartHomeThermostat.app */ = {isa = PBXFileReference; explicitFileType = wrapper.application; includeInIndex = 0; path = SmartHomeThermostat.app; sourceTree = BUILT_PRODUCTS_DIR; };
		8088C0A42899B74E001C632C /* SmartHomeThermostatApp.swift */ = {isa = PBXFileReference; lastKnownFileType = sourcecode.swift; path = SmartHomeThermostatApp.swift; sourceTree = "<group>"; };
		8088C0A62899B74E001C632C /* ContentView.swift */ = {isa = PBXFileReference; lastKnownFileType = sourcecode.swift; path = ContentView.swift; sourceTree = "<group>"; };
		8088C0A82899B750001C632C /* Assets.xcassets */ = {isa = PBXFileReference; lastKnownFileType = folder.assetcatalog; path = Assets.xcassets; sourceTree = "<group>"; };
		8088C0AB2899B750001C632C /* Preview Assets.xcassets */ = {isa = PBXFileReference; lastKnownFileType = folder.assetcatalog; path = "Preview Assets.xcassets"; sourceTree = "<group>"; };
		8088C0B22899B834001C632C /* Extensions.swift */ = {isa = PBXFileReference; lastKnownFileType = sourcecode.swift; path = Extensions.swift; sourceTree = "<group>"; };
		8088C0B42899B966001C632C /* ClimateCard.swift */ = {isa = PBXFileReference; lastKnownFileType = sourcecode.swift; path = ClimateCard.swift; sourceTree = "<group>"; };
		8088C0B62899BD2C001C632C /* Thermometer.swift */ = {isa = PBXFileReference; lastKnownFileType = sourcecode.swift; path = Thermometer.swift; sourceTree = "<group>"; };
		8088C0B82899BD68001C632C /* ThermometherPlaceHolderView.swift */ = {isa = PBXFileReference; lastKnownFileType = sourcecode.swift; path = ThermometherPlaceHolderView.swift; sourceTree = "<group>"; };
		8088C0BA2899C127001C632C /* ThermometerDialView.swift */ = {isa = PBXFileReference; lastKnownFileType = sourcecode.swift; path = ThermometerDialView.swift; sourceTree = "<group>"; };
		8088C0BC2899C51B001C632C /* ThermometerSummaryView.swift */ = {isa = PBXFileReference; lastKnownFileType = sourcecode.swift; path = ThermometerSummaryView.swift; sourceTree = "<group>"; };
		8088C0BE2899C690001C632C /* ThermometerScaleView.swift */ = {isa = PBXFileReference; lastKnownFileType = sourcecode.swift; path = ThermometerScaleView.swift; sourceTree = "<group>"; };
/* End PBXFileReference section */

/* Begin PBXFrameworksBuildPhase section */
		8088C09E2899B74E001C632C /* Frameworks */ = {
			isa = PBXFrameworksBuildPhase;
			buildActionMask = 2147483647;
			files = (
			);
			runOnlyForDeploymentPostprocessing = 0;
		};
/* End PBXFrameworksBuildPhase section */

/* Begin PBXGroup section */
		8088C0982899B74E001C632C = {
			isa = PBXGroup;
			children = (
				8088C0A32899B74E001C632C /* SmartHomeThermostat */,
				8088C0A22899B74E001C632C /* Products */,
			);
			sourceTree = "<group>";
		};
		8088C0A22899B74E001C632C /* Products */ = {
			isa = PBXGroup;
			children = (
				8088C0A12899B74E001C632C /* SmartHomeThermostat.app */,
			);
			name = Products;
			sourceTree = "<group>";
		};
		8088C0A32899B74E001C632C /* SmartHomeThermostat */ = {
			isa = PBXGroup;
			children = (
				8088C0A42899B74E001C632C /* SmartHomeThermostatApp.swift */,
				8088C0A62899B74E001C632C /* ContentView.swift */,
				8088C0A82899B750001C632C /* Assets.xcassets */,
				8088C0AA2899B750001C632C /* Preview Content */,
				8088C0B22899B834001C632C /* Extensions.swift */,
				8088C0B42899B966001C632C /* ClimateCard.swift */,
				8088C0B62899BD2C001C632C /* Thermometer.swift */,
				8088C0B82899BD68001C632C /* ThermometherPlaceHolderView.swift */,
				8088C0BA2899C127001C632C /* ThermometerDialView.swift */,
				8088C0BC2899C51B001C632C /* ThermometerSummaryView.swift */,
				8088C0BE2899C690001C632C /* ThermometerScaleView.swift */,
			);
			path = SmartHomeThermostat;
			sourceTree = "<group>";
		};
		8088C0AA2899B750001C632C /* Preview Content */ = {
			isa = PBXGroup;
			children = (
				8088C0AB2899B750001C632C /* Preview Assets.xcassets */,
			);
			path = "Preview Content";
			sourceTree = "<group>";
		};
/* End PBXGroup section */

/* Begin PBXNativeTarget section */
		8088C0A02899B74E001C632C /* SmartHomeThermostat */ = {
			isa = PBXNativeTarget;
			buildConfigurationList = 8088C0AF2899B750001C632C /* Build configuration list for PBXNativeTarget "SmartHomeThermostat" */;
			buildPhases = (
				8088C09D2899B74E001C632C /* Sources */,
				8088C09E2899B74E001C632C /* Frameworks */,
				8088C09F2899B74E001C632C /* Resources */,
			);
			buildRules = (
			);
			dependencies = (
			);
			name = SmartHomeThermostat;
			productName = SmartHomeThermostat;
			productReference = 8088C0A12899B74E001C632C /* SmartHomeThermostat.app */;
			productType = "com.apple.product-type.application";
		};
/* End PBXNativeTarget section */

/* Begin PBXProject section */
		8088C0992899B74E001C632C /* Project object */ = {
			isa = PBXProject;
			attributes = {
				BuildIndependentTargetsInParallel = 1;
				LastSwiftUpdateCheck = 1400;
				LastUpgradeCheck = 1400;
				TargetAttributes = {
					8088C0A02899B74E001C632C = {
						CreatedOnToolsVersion = 14.0;
					};
				};
			};
			buildConfigurationList = 8088C09C2899B74E001C632C /* Build configuration list for PBXProject "SmartHomeThermostat" */;
			compatibilityVersion = "Xcode 14.0";
			developmentRegion = en;
			hasScannedForEncodings = 0;
			knownRegions = (
				en,
				Base,
			);
			mainGroup = 8088C0982899B74E001C632C;
			productRefGroup = 8088C0A22899B74E001C632C /* Products */;
			projectDirPath = "";
			projectRoot = "";
			targets = (
				8088C0A02899B74E001C632C /* SmartHomeThermostat */,
			);
		};
/* End PBXProject section */

/* Begin PBXResourcesBuildPhase section */
		8088C09F2899B74E001C632C /* Resources */ = {
			isa = PBXResourcesBuildPhase;
			buildActionMask = 2147483647;
			files = (
				8088C0AC2899B750001C632C /* Preview Assets.xcassets in Resources */,
				8088C0A92899B750001C632C /* Assets.xcassets in Resources */,
			);
			runOnlyForDeploymentPostprocessing = 0;
		};
/* End PBXResourcesBuildPhase section */

/* Begin PBXSourcesBuildPhase section */
		8088C09D2899B74E001C632C /* Sources */ = {
			isa = PBXSourcesBuildPhase;
			buildActionMask = 2147483647;
			files = (
				8088C0B72899BD2C001C632C /* Thermometer.swift in Sources */,
				8088C0A72899B74E001C632C /* ContentView.swift in Sources */,
				8088C0B52899B966001C632C /* ClimateCard.swift in Sources */,
				8088C0BF2899C690001C632C /* ThermometerScaleView.swift in Sources */,
				8088C0B32899B834001C632C /* Extensions.swift in Sources */,
				8088C0BD2899C51B001C632C /* ThermometerSummaryView.swift in Sources */,
				8088C0B92899BD68001C632C /* ThermometherPlaceHolderView.swift in Sources */,
				8088C0BB2899C127001C632C /* ThermometerDialView.swift in Sources */,
				8088C0A52899B74E001C632C /* SmartHomeThermostatApp.swift in Sources */,
			);
			runOnlyForDeploymentPostprocessing = 0;
		};
/* End PBXSourcesBuildPhase section */

/* Begin XCBuildConfiguration section */
		8088C0AD2899B750001C632C /* Debug */ = {
			isa = XCBuildConfiguration;
			buildSettings = {
				ALWAYS_SEARCH_USER_PATHS = NO;
				CLANG_ANALYZER_NONNULL = YES;
				CLANG_ANALYZER_NUMBER_OBJECT_CONVERSION = YES_AGGRESSIVE;
				CLANG_CXX_LANGUAGE_STANDARD = "gnu++20";
				CLANG_ENABLE_MODULES = YES;
				CLANG_ENABLE_OBJC_ARC = YES;
				CLANG_ENABLE_OBJC_WEAK = YES;
				CLANG_WARN_BLOCK_CAPTURE_AUTORELEASING = YES;
				CLANG_WARN_BOOL_CONVERSION = YES;
				CLANG_WARN_COMMA = YES;
				CLANG_WARN_CONSTANT_CONVERSION = YES;
				CLANG_WARN_DEPRECATED_OBJC_IMPLEMENTATIONS = YES;
				CLANG_WARN_DIRECT_OBJC_ISA_USAGE = YES_ERROR;
				CLANG_WARN_DOCUMENTATION_COMMENTS = YES;
				CLANG_WARN_EMPTY_BODY = YES;
				CLANG_WARN_ENUM_CONVERSION = YES;
				CLANG_WARN_INFINITE_RECURSION = YES;
				CLANG_WARN_INT_CONVERSION = YES;
				CLANG_WARN_NON_LITERAL_NULL_CONVERSION = YES;
				CLANG_WARN_OBJC_IMPLICIT_RETAIN_SELF = YES;
				CLANG_WARN_OBJC_LITERAL_CONVERSION = YES;
				CLANG_WARN_OBJC_ROOT_CLASS = YES_ERROR;
				CLANG_WARN_QUOTED_INCLUDE_IN_FRAMEWORK_HEADER = YES;
				CLANG_WARN_RANGE_LOOP_ANALYSIS = YES;
				CLANG_WARN_STRICT_PROTOTYPES = YES;
				CLANG_WARN_SUSPICIOUS_MOVE = YES;
				CLANG_WARN_UNGUARDED_AVAILABILITY = YES_AGGRESSIVE;
				CLANG_WARN_UNREACHABLE_CODE = YES;
				CLANG_WARN__DUPLICATE_METHOD_MATCH = YES;
				COPY_PHASE_STRIP = NO;
				DEBUG_INFORMATION_FORMAT = dwarf;
				ENABLE_STRICT_OBJC_MSGSEND = YES;
				ENABLE_TESTABILITY = YES;
				GCC_C_LANGUAGE_STANDARD = gnu11;
				GCC_DYNAMIC_NO_PIC = NO;
				GCC_NO_COMMON_BLOCKS = YES;
				GCC_OPTIMIZATION_LEVEL = 0;
				GCC_PREPROCESSOR_DEFINITIONS = (
					"DEBUG=1",
					"$(inherited)",
				);
				GCC_WARN_64_TO_32_BIT_CONVERSION = YES;
				GCC_WARN_ABOUT_RETURN_TYPE = YES_ERROR;
				GCC_WARN_UNDECLARED_SELECTOR = YES;
				GCC_WARN_UNINITIALIZED_AUTOS = YES_AGGRESSIVE;
				GCC_WARN_UNUSED_FUNCTION = YES;
				GCC_WARN_UNUSED_VARIABLE = YES;
				IPHONEOS_DEPLOYMENT_TARGET = 16.0;
				MTL_ENABLE_DEBUG_INFO = INCLUDE_SOURCE;
				MTL_FAST_MATH = YES;
				ONLY_ACTIVE_ARCH = YES;
				SDKROOT = iphoneos;
				SWIFT_ACTIVE_COMPILATION_CONDITIONS = DEBUG;
				SWIFT_OPTIMIZATION_LEVEL = "-Onone";
			};
			name = Debug;
		};
		8088C0AE2899B750001C632C /* Release */ = {
			isa = XCBuildConfiguration;
			buildSettings = {
				ALWAYS_SEARCH_USER_PATHS = NO;
				CLANG_ANALYZER_NONNULL = YES;
				CLANG_ANALYZER_NUMBER_OBJECT_CONVERSION = YES_AGGRESSIVE;
				CLANG_CXX_LANGUAGE_STANDARD = "gnu++20";
				CLANG_ENABLE_MODULES = YES;
				CLANG_ENABLE_OBJC_ARC = YES;
				CLANG_ENABLE_OBJC_WEAK = YES;
				CLANG_WARN_BLOCK_CAPTURE_AUTORELEASING = YES;
				CLANG_WARN_BOOL_CONVERSION = YES;
				CLANG_WARN_COMMA = YES;
				CLANG_WARN_CONSTANT_CONVERSION = YES;
				CLANG_WARN_DEPRECATED_OBJC_IMPLEMENTATIONS = YES;
				CLANG_WARN_DIRECT_OBJC_ISA_USAGE = YES_ERROR;
				CLANG_WARN_DOCUMENTATION_COMMENTS = YES;
				CLANG_WARN_EMPTY_BODY = YES;
				CLANG_WARN_ENUM_CONVERSION = YES;
				CLANG_WARN_INFINITE_RECURSION = YES;
				CLANG_WARN_INT_CONVERSION = YES;
				CLANG_WARN_NON_LITERAL_NULL_CONVERSION = YES;
				CLANG_WARN_OBJC_IMPLICIT_RETAIN_SELF = YES;
				CLANG_WARN_OBJC_LITERAL_CONVERSION = YES;
				CLANG_WARN_OBJC_ROOT_CLASS = YES_ERROR;
				CLANG_WARN_QUOTED_INCLUDE_IN_FRAMEWORK_HEADER = YES;
				CLANG_WARN_RANGE_LOOP_ANALYSIS = YES;
				CLANG_WARN_STRICT_PROTOTYPES = YES;
				CLANG_WARN_SUSPICIOUS_MOVE = YES;
				CLANG_WARN_UNGUARDED_AVAILABILITY = YES_AGGRESSIVE;
				CLANG_WARN_UNREACHABLE_CODE = YES;
				CLANG_WARN__DUPLICATE_METHOD_MATCH = YES;
				COPY_PHASE_STRIP = NO;
				DEBUG_INFORMATION_FORMAT = "dwarf-with-dsym";
				ENABLE_NS_ASSERTIONS = NO;
				ENABLE_STRICT_OBJC_MSGSEND = YES;
				GCC_C_LANGUAGE_STANDARD = gnu11;
				GCC_NO_COMMON_BLOCKS = YES;
				GCC_WARN_64_TO_32_BIT_CONVERSION = YES;
				GCC_WARN_ABOUT_RETURN_TYPE = YES_ERROR;
				GCC_WARN_UNDECLARED_SELECTOR = YES;
				GCC_WARN_UNINITIALIZED_AUTOS = YES_AGGRESSIVE;
				GCC_WARN_UNUSED_FUNCTION = YES;
				GCC_WARN_UNUSED_VARIABLE = YES;
				IPHONEOS_DEPLOYMENT_TARGET = 16.0;
				MTL_ENABLE_DEBUG_INFO = NO;
				MTL_FAST_MATH = YES;
				SDKROOT = iphoneos;
				SWIFT_COMPILATION_MODE = wholemodule;
				SWIFT_OPTIMIZATION_LEVEL = "-O";
				VALIDATE_PRODUCT = YES;
			};
			name = Release;
		};
		8088C0B02899B750001C632C /* Debug */ = {
			isa = XCBuildConfiguration;
			buildSettings = {
				ASSETCATALOG_COMPILER_APPICON_NAME = AppIcon;
				ASSETCATALOG_COMPILER_GLOBAL_ACCENT_COLOR_NAME = AccentColor;
				CODE_SIGN_STYLE = Automatic;
				CURRENT_PROJECT_VERSION = 1;
				DEVELOPMENT_ASSET_PATHS = "\"SmartHomeThermostat/Preview Content\"";
				DEVELOPMENT_TEAM = ZQDPVPQ343;
				ENABLE_PREVIEWS = YES;
				GENERATE_INFOPLIST_FILE = YES;
				INFOPLIST_KEY_UIApplicationSceneManifest_Generation = YES;
				INFOPLIST_KEY_UIApplicationSupportsIndirectInputEvents = YES;
				INFOPLIST_KEY_UILaunchScreen_Generation = YES;
				INFOPLIST_KEY_UISupportedInterfaceOrientations_iPad = "UIInterfaceOrientationPortrait UIInterfaceOrientationPortraitUpsideDown UIInterfaceOrientationLandscapeLeft UIInterfaceOrientationLandscapeRight";
				INFOPLIST_KEY_UISupportedInterfaceOrientations_iPhone = "UIInterfaceOrientationPortrait UIInterfaceOrientationLandscapeLeft UIInterfaceOrientationLandscapeRight";
				LD_RUNPATH_SEARCH_PATHS = (
					"$(inherited)",
					"@executable_path/Frameworks",
				);
				MARKETING_VERSION = 1.0;
				PRODUCT_BUNDLE_IDENTIFIER = code.josavicente.SmartHomeThermostat;
				PRODUCT_NAME = "$(TARGET_NAME)";
				SWIFT_EMIT_LOC_STRINGS = YES;
				SWIFT_VERSION = 5.0;
				TARGETED_DEVICE_FAMILY = "1,2";
			};
			name = Debug;
		};
		8088C0B12899B750001C632C /* Release */ = {
			isa = XCBuildConfiguration;
			buildSettings = {
				ASSETCATALOG_COMPILER_APPICON_NAME = AppIcon;
				ASSETCATALOG_COMPILER_GLOBAL_ACCENT_COLOR_NAME = AccentColor;
				CODE_SIGN_STYLE = Automatic;
				CURRENT_PROJECT_VERSION = 1;
				DEVELOPMENT_ASSET_PATHS = "\"SmartHomeThermostat/Preview Content\"";
				DEVELOPMENT_TEAM = ZQDPVPQ343;
				ENABLE_PREVIEWS = YES;
				GENERATE_INFOPLIST_FILE = YES;
				INFOPLIST_KEY_UIApplicationSceneManifest_Generation = YES;
				INFOPLIST_KEY_UIApplicationSupportsIndirectInputEvents = YES;
				INFOPLIST_KEY_UILaunchScreen_Generation = YES;
				INFOPLIST_KEY_UISupportedInterfaceOrientations_iPad = "UIInterfaceOrientationPortrait UIInterfaceOrientationPortraitUpsideDown UIInterfaceOrientationLandscapeLeft UIInterfaceOrientationLandscapeRight";
				INFOPLIST_KEY_UISupportedInterfaceOrientations_iPhone = "UIInterfaceOrientationPortrait UIInterfaceOrientationLandscapeLeft UIInterfaceOrientationLandscapeRight";
				LD_RUNPATH_SEARCH_PATHS = (
					"$(inherited)",
					"@executable_path/Frameworks",
				);
				MARKETING_VERSION = 1.0;
				PRODUCT_BUNDLE_IDENTIFIER = code.josavicente.SmartHomeThermostat;
				PRODUCT_NAME = "$(TARGET_NAME)";
				SWIFT_EMIT_LOC_STRINGS = YES;
				SWIFT_VERSION = 5.0;
				TARGETED_DEVICE_FAMILY = "1,2";
			};
			name = Release;
		};
/* End XCBuildConfiguration section */

/* Begin XCConfigurationList section */
		8088C09C2899B74E001C632C /* Build configuration list for PBXProject "SmartHomeThermostat" */ = {
			isa = XCConfigurationList;
			buildConfigurations = (
				8088C0AD2899B750001C632C /* Debug */,
				8088C0AE2899B750001C632C /* Release */,
			);
			defaultConfigurationIsVisible = 0;
			defaultConfigurationName = Release;
		};
		8088C0AF2899B750001C632C /* Build configuration list for PBXNativeTarget "SmartHomeThermostat" */ = {
			isa = XCConfigurationList;
			buildConfigurations = (
				8088C0B02899B750001C632C /* Debug */,
				8088C0B12899B750001C632C /* Release */,
			);
			defaultConfigurationIsVisible = 0;
			defaultConfigurationName = Release;
		};
/* End XCConfigurationList section */
	};
	rootObject = 8088C0992899B74E001C632C /* Project object */;
}
